
Microsoft Visual Studio Solution File, Format Version 12.00
# Visual Studio Version 17
VisualStudioVersion = 17.4.33205.214
MinimumVisualStudioVersion = 10.0.40219.1
Project("{9A19103F-16F7-4668-BE54-9A1E7A4F7556}") = "APIAssets", "APIAssets\APIAssets.csproj", "{ED581713-809E-4318-81F9-8A778A4BBDC9}"
EndProject
Project("{FAE04EC0-301F-11D3-BF4B-00C04F79EFBC}") = "WebAssets", "WebAssets\WebAssets.csproj", "{C8691F1B-68BB-4BFB-9B93-1270B27AA21B}"
EndProject
Global
	GlobalSection(SolutionConfigurationPlatforms) = preSolution
		Debug|Any CPU = Debug|Any CPU
		Release|Any CPU = Release|Any CPU
	EndGlobalSection
	GlobalSection(ProjectConfigurationPlatforms) = postSolution
		{ED581713-809E-4318-81F9-8A778A4BBDC9}.Debug|Any CPU.ActiveCfg = Debug|Any CPU
		{ED581713-809E-4318-81F9-8A778A4BBDC9}.Debug|Any CPU.Build.0 = Debug|Any CPU
		{ED581713-809E-4318-81F9-8A778A4BBDC9}.Release|Any CPU.ActiveCfg = Release|Any CPU
		{ED581713-809E-4318-81F9-8A778A4BBDC9}.Release|Any CPU.Build.0 = Release|Any CPU
		{C8691F1B-68BB-4BFB-9B93-1270B27AA21B}.Debug|Any CPU.ActiveCfg = Debug|Any CPU
		{C8691F1B-68BB-4BFB-9B93-1270B27AA21B}.Debug|Any CPU.Build.0 = Debug|Any CPU
		{C8691F1B-68BB-4BFB-9B93-1270B27AA21B}.Release|Any CPU.ActiveCfg = Release|Any CPU
		{C8691F1B-68BB-4BFB-9B93-1270B27AA21B}.Release|Any CPU.Build.0 = Release|Any CPU
	EndGlobalSection
	GlobalSection(SolutionProperties) = preSolution
		HideSolutionNode = FALSE
	EndGlobalSection
	GlobalSection(ExtensibilityGlobals) = postSolution
		SolutionGuid = {05796572-7B1B-41F5-831B-2B82256CCF69}
	EndGlobalSection
EndGlobal
